
Microsoft Visual Studio Solution File, Format Version 12.00
# Visual Studio Version 17
VisualStudioVersion = 17.9.34607.119
MinimumVisualStudioVersion = 10.0.40219.1
Project("{FAE04EC0-301F-11D3-BF4B-00C04F79EFBC}") = "LibraryManagementAPI", "LibraryManagementAPI\LibraryManagementAPI.csproj", "{01F5E99A-8EF9-4B3D-A065-46E94E05DDAD}"
EndProject
Global
	GlobalSection(SolutionConfigurationPlatforms) = preSolution
		Debug|Any CPU = Debug|Any CPU
		Release|Any CPU = Release|Any CPU
	EndGlobalSection
	GlobalSection(ProjectConfigurationPlatforms) = postSolution
		{01F5E99A-8EF9-4B3D-A065-46E94E05DDAD}.Debug|Any CPU.ActiveCfg = Debug|Any CPU
		{01F5E99A-8EF9-4B3D-A065-46E94E05DDAD}.Debug|Any CPU.Build.0 = Debug|Any CPU
		{01F5E99A-8EF9-4B3D-A065-46E94E05DDAD}.Release|Any CPU.ActiveCfg = Release|Any CPU
		{01F5E99A-8EF9-4B3D-A065-46E94E05DDAD}.Release|Any CPU.Build.0 = Release|Any CPU
	EndGlobalSection
	GlobalSection(SolutionProperties) = preSolution
		HideSolutionNode = FALSE
	EndGlobalSection
	GlobalSection(ExtensibilityGlobals) = postSolution
		SolutionGuid = {92991A54-8BF9-4D92-8817-8DE02E1097AA}
	EndGlobalSection
EndGlobal
